
Microsoft Visual Studio Solution File, Format Version 12.00
# Visual Studio 15
VisualStudioVersion = 15.0.28307.329
MinimumVisualStudioVersion = 10.0.40219.1
Project("{FAE04EC0-301F-11D3-BF4B-00C04F79EFBC}") = "NET.S.2019.Pristavko.02", "NET.S.2019.Pristavko.02\NET.S.2019.Pristavko.02.csproj", "{705E027F-33FA-46B4-92F6-124BDE0ED3FE}"
EndProject
Global
	GlobalSection(SolutionConfigurationPlatforms) = preSolution
		Debug|Any CPU = Debug|Any CPU
		Release|Any CPU = Release|Any CPU
	EndGlobalSection
	GlobalSection(ProjectConfigurationPlatforms) = postSolution
		{705E027F-33FA-46B4-92F6-124BDE0ED3FE}.Debug|Any CPU.ActiveCfg = Debug|Any CPU
		{705E027F-33FA-46B4-92F6-124BDE0ED3FE}.Debug|Any CPU.Build.0 = Debug|Any CPU
		{705E027F-33FA-46B4-92F6-124BDE0ED3FE}.Release|Any CPU.ActiveCfg = Release|Any CPU
		{705E027F-33FA-46B4-92F6-124BDE0ED3FE}.Release|Any CPU.Build.0 = Release|Any CPU
	EndGlobalSection
	GlobalSection(SolutionProperties) = preSolution
		HideSolutionNode = FALSE
	EndGlobalSection
	GlobalSection(ExtensibilityGlobals) = postSolution
		SolutionGuid = {10483A63-8D82-4BF0-8AEF-81C9FE7789EC}
	EndGlobalSection
EndGlobal
